<?xml version="1.0" encoding="utf-8"?>
<Project ToolsVersion="4.0" xmlns="http://schemas.microsoft.com/developer/msbuild/2003">
  <ItemGroup>
    <Filter Include="Source Files">
      <UniqueIdentifier>{4FC737F1-C7A5-4376-A066-2A32D752A2FF}</UniqueIdentifier>
      <Extensions>cpp;c;cc;cxx;c++;cppm;ixx;def;odl;idl;hpj;bat;asm;asmx</Extensions>
    </Filter>
    <Filter Include="Header Files">
      <UniqueIdentifier>{93995380-89BD-4b04-88EB-625FBE52EBFB}</UniqueIdentifier>
      <Extensions>h;hh;hpp;hxx;h++;hm;inl;inc;ipp;xsd</Extensions>
    </Filter>
    <Filter Include="Resource Files">
      <UniqueIdentifier>{67DA6AB6-F800-4c08-8B7A-83BB121AAD01}</UniqueIdentifier>
      <Extensions>rc;ico;cur;bmp;dlg;rc2;rct;bin;rgs;gif;jpg;jpeg;jpe;resx;tiff;tif;png;wav;mfcribbon-ms</Extensions>
    </Filter>
    <Filter Include="Resource Files\IMGUI">
      <UniqueIdentifier>{090472cd-dced-493c-bcc6-6a20b875b7b4}</UniqueIdentifier>
    </Filter>
    <Filter Include="Resource Files\TinyXML">
      <UniqueIdentifier>{77ae27a3-342d-4e5f-aaad-c92f2afde495}</UniqueIdentifier>
    </Filter>
    <Filter Include="Resource Files\CoreStructures">
      <UniqueIdentifier>{6ce395b9-c297-4a1b-9f38-37828bf86580}</UniqueIdentifier>
    </Filter>
    <Filter Include="Resource Files\Shaders">
      <UniqueIdentifier>{619c09de-780b-486b-ad8c-c754ddc30799}</UniqueIdentifier>
    </Filter>
  </ItemGroup>
  <ItemGroup>
    <ClCompile Include="LevelEditor.cpp">
      <Filter>Source Files</Filter>
    </ClCompile>
    <ClCompile Include="..\..\Resources\Libs\GLAD\src\glad.c">
      <Filter>Source Files</Filter>
    </ClCompile>
    <ClCompile Include="..\..\Resources\Libs\IMGUI\imgui.cpp">
      <Filter>Resource Files\IMGUI</Filter>
    </ClCompile>
    <ClCompile Include="..\..\Resources\Libs\IMGUI\imgui_demo.cpp">
      <Filter>Resource Files\IMGUI</Filter>
    </ClCompile>
    <ClCompile Include="..\..\Resources\Libs\IMGUI\imgui_draw.cpp">
      <Filter>Resource Files\IMGUI</Filter>
    </ClCompile>
    <ClCompile Include="..\..\Resources\Libs\IMGUI\imgui_impl_glfw.cpp">
      <Filter>Resource Files\IMGUI</Filter>
    </ClCompile>
    <ClCompile Include="..\..\Resources\Libs\IMGUI\imgui_impl_opengl3.cpp">
      <Filter>Resource Files\IMGUI</Filter>
    </ClCompile>
    <ClCompile Include="..\..\Resources\Libs\IMGUI\imgui_tables.cpp">
      <Filter>Resource Files\IMGUI</Filter>
    </ClCompile>
    <ClCompile Include="..\..\Resources\Libs\IMGUI\imgui_widgets.cpp">
      <Filter>Resource Files\IMGUI</Filter>
    </ClCompile>
    <ClCompile Include="GUIMgr.cpp">
      <Filter>Source Files</Filter>
    </ClCompile>
    <ClCompile Include="..\..\Resources\Libs\TinyXML\tinyxml2.cpp">
      <Filter>Resource Files\TinyXML</Filter>
    </ClCompile>
    <ClCompile Include="Camera.cpp">
      <Filter>Source Files</Filter>
    </ClCompile>
    <ClCompile Include="..\..\Resources\Libs\CoreStructures\Mesh.cpp">
      <Filter>Resource Files\CoreStructures</Filter>
    </ClCompile>
    <ClCompile Include="..\..\Resources\Libs\CoreStructures\TextureLoader.cpp">
      <Filter>Resource Files\CoreStructures</Filter>
    </ClCompile>
    <ClCompile Include="Model.cpp">
      <Filter>Source Files</Filter>
    </ClCompile>
    <ClCompile Include="..\..\Resources\Libs\CoreStructures\ShaderLoader.cpp">
      <Filter>Resource Files\CoreStructures</Filter>
    </ClCompile>
    <ClCompile Include="Scene.cpp">
      <Filter>Source Files</Filter>
    </ClCompile>
    <ClCompile Include="..\..\Resources\Libs\CoreStructures\Timer.cpp">
      <Filter>Resource Files\CoreStructures</Filter>
    </ClCompile>
    <ClCompile Include="InputMgr.cpp">
      <Filter>Source Files</Filter>
    </ClCompile>
    <ClCompile Include="GroundQuad.cpp">
      <Filter>Source Files</Filter>
    </ClCompile>
    <ClCompile Include="..\..\Resources\Libs\CoreStructures\FBO.cpp">
      <Filter>Resource Files\CoreStructures</Filter>
    </ClCompile>
  </ItemGroup>
  <ItemGroup>
    <ClInclude Include="..\..\Resources\Libs\IMGUI\imconfig.h">
      <Filter>Resource Files\IMGUI</Filter>
    </ClInclude>
    <ClInclude Include="..\..\Resources\Libs\IMGUI\imgui.h">
      <Filter>Resource Files\IMGUI</Filter>
    </ClInclude>
    <ClInclude Include="..\..\Resources\Libs\IMGUI\imgui_impl_glfw.h">
      <Filter>Resource Files\IMGUI</Filter>
    </ClInclude>
    <ClInclude Include="..\..\Resources\Libs\IMGUI\imgui_impl_opengl3.h">
      <Filter>Resource Files\IMGUI</Filter>
    </ClInclude>
    <ClInclude Include="..\..\Resources\Libs\IMGUI\imgui_impl_opengl3_loader.h">
      <Filter>Resource Files\IMGUI</Filter>
    </ClInclude>
    <ClInclude Include="..\..\Resources\Libs\IMGUI\imgui_internal.h">
      <Filter>Resource Files\IMGUI</Filter>
    </ClInclude>
    <ClInclude Include="..\..\Resources\Libs\IMGUI\imstb_rectpack.h">
      <Filter>Resource Files\IMGUI</Filter>
    </ClInclude>
    <ClInclude Include="..\..\Resources\Libs\IMGUI\imstb_textedit.h">
      <Filter>Resource Files\IMGUI</Filter>
    </ClInclude>
    <ClInclude Include="..\..\Resources\Libs\IMGUI\imstb_truetype.h">
      <Filter>Resource Files\IMGUI</Filter>
    </ClInclude>
    <ClInclude Include="GUIMgr.h">
      <Filter>Header Files</Filter>
    </ClInclude>
    <ClInclude Include="..\..\Resources\Libs\TinyXML\tinyxml2.h">
      <Filter>Resource Files\TinyXML</Filter>
    </ClInclude>
    <ClInclude Include="Camera.h">
      <Filter>Header Files</Filter>
    </ClInclude>
    <ClInclude Include="..\..\Resources\Libs\CoreStructures\Mesh.h">
      <Filter>Resource Files\CoreStructures</Filter>
    </ClInclude>
    <ClInclude Include="..\..\Resources\Libs\CoreStructures\TextureLoader.h">
      <Filter>Resource Files\CoreStructures</Filter>
    </ClInclude>
    <ClInclude Include="Model.h">
      <Filter>Header Files</Filter>
    </ClInclude>
    <ClInclude Include="..\..\Resources\Libs\CoreStructures\ShaderLoader.h">
      <Filter>Resource Files\CoreStructures</Filter>
    </ClInclude>
    <ClInclude Include="Scene.h">
      <Filter>Header Files</Filter>
    </ClInclude>
    <ClInclude Include="..\..\Resources\Libs\CoreStructures\Timer.h">
      <Filter>Resource Files\CoreStructures</Filter>
    </ClInclude>
    <ClInclude Include="InputMgr.h">
      <Filter>Header Files</Filter>
    </ClInclude>
    <ClInclude Include="GroundQuad.h">
      <Filter>Header Files</Filter>
    </ClInclude>
    <ClInclude Include="NavPoint.h">
      <Filter>Header Files</Filter>
    </ClInclude>
    <ClInclude Include="NavSet.h">
      <Filter>Header Files</Filter>
    </ClInclude>
    <ClInclude Include="..\..\Resources\Libs\CoreStructures\FBO.h">
      <Filter>Resource Files\CoreStructures</Filter>
    </ClInclude>
  </ItemGroup>
  <ItemGroup>
    <None Include="..\..\Resources\Shaders\Object_shader.frag">
      <Filter>Resource Files\Shaders</Filter>
    </None>
    <None Include="..\..\Resources\Shaders\Object_shader.vert">
      <Filter>Resource Files\Shaders</Filter>
    </None>
  </ItemGroup>
</Project>